// !$*UTF8*$!
{
	archiveVersion = 1;
	classes = {
	};
	objectVersion = 46;
	objects = {

/* Begin PBXBuildFile section */
		8114541E1A9FEE1000E6B556 /* EventsCollection.swift in Sources */ = {isa = PBXBuildFile; fileRef = 8114541D1A9FEE1000E6B556 /* EventsCollection.swift */; };
		8114B4651A9FC29C00AC4CB7 /* libicucore.dylib in Frameworks */ = {isa = PBXBuildFile; fileRef = 8114B4641A9FC29C00AC4CB7 /* libicucore.dylib */; };
		8114B4671A9FC2C500AC4CB7 /* libc++.dylib in Frameworks */ = {isa = PBXBuildFile; fileRef = 8114B4661A9FC2C500AC4CB7 /* libc++.dylib */; };
		8114B4691A9FC2D400AC4CB7 /* CFNetwork.framework in Frameworks */ = {isa = PBXBuildFile; fileRef = 8114B4681A9FC2D400AC4CB7 /* CFNetwork.framework */; };
		8114B46B1A9FC2E200AC4CB7 /* Security.framework in Frameworks */ = {isa = PBXBuildFile; fileRef = 8114B46A1A9FC2E200AC4CB7 /* Security.framework */; };
		8114B46D1A9FC2F000AC4CB7 /* SystemConfiguration.framework in Frameworks */ = {isa = PBXBuildFile; fileRef = 8114B46C1A9FC2F000AC4CB7 /* SystemConfiguration.framework */; };
		8114B4751A9FD4F500AC4CB7 /* Firebase.framework in Frameworks */ = {isa = PBXBuildFile; fileRef = 8114B4741A9FD4F500AC4CB7 /* Firebase.framework */; };
		8114B4761A9FD4F500AC4CB7 /* Firebase.framework in Frameworks */ = {isa = PBXBuildFile; fileRef = 8114B4741A9FD4F500AC4CB7 /* Firebase.framework */; };
		E20DFD341B2C0EFC00D4021F /* nextArrow.png in Resources */ = {isa = PBXBuildFile; fileRef = E20DFD331B2C0EFC00D4021F /* nextArrow.png */; };
		E21782FA1B28135300263D6E /* eventTableCell.xib in Resources */ = {isa = PBXBuildFile; fileRef = E21782F91B28135300263D6E /* eventTableCell.xib */; };
		E21782FD1B28143700263D6E /* eventTableCellClass.swift in Sources */ = {isa = PBXBuildFile; fileRef = E21782FC1B28143700263D6E /* eventTableCellClass.swift */; };
		E22C5DDB1AF8B1FD00F06F23 /* Console.swift in Sources */ = {isa = PBXBuildFile; fileRef = E22C5DDA1AF8B1FD00F06F23 /* Console.swift */; };
		E235E38F1ACA72E7008CF278 /* LoginViewController.swift in Sources */ = {isa = PBXBuildFile; fileRef = E235E38E1ACA72E7008CF278 /* LoginViewController.swift */; };
		E23D34E51AC2946F00EC2E90 /* FacebookSDK.framework in Frameworks */ = {isa = PBXBuildFile; fileRef = E23D34E41AC2946F00EC2E90 /* FacebookSDK.framework */; };
		E23D34E71AC2963300EC2E90 /* ParseFacebookUtils.framework in Frameworks */ = {isa = PBXBuildFile; fileRef = E23D34E61AC2963300EC2E90 /* ParseFacebookUtils.framework */; };
		E2537A5D1AE0E712008DBF81 /* Images-2.xcassets in Resources */ = {isa = PBXBuildFile; fileRef = E2537A5C1AE0E712008DBF81 /* Images-2.xcassets */; };
		E26BFF681ABD4DA100269700 /* AudioToolbox.framework in Frameworks */ = {isa = PBXBuildFile; fileRef = E26BFF671ABD4DA100269700 /* AudioToolbox.framework */; };
		E26BFF6B1ABD4DC200269700 /* CoreGraphics.framework in Frameworks */ = {isa = PBXBuildFile; fileRef = E26BFF691ABD4DC200269700 /* CoreGraphics.framework */; };
		E26BFF6C1ABD4DC200269700 /* CoreLocation.framework in Frameworks */ = {isa = PBXBuildFile; fileRef = E26BFF6A1ABD4DC200269700 /* CoreLocation.framework */; };
		E26BFF6E1ABD4DD200269700 /* MobileCoreServices.framework in Frameworks */ = {isa = PBXBuildFile; fileRef = E26BFF6D1ABD4DD200269700 /* MobileCoreServices.framework */; };
		E26BFF701ABD4DD900269700 /* QuartzCore.framework in Frameworks */ = {isa = PBXBuildFile; fileRef = E26BFF6F1ABD4DD900269700 /* QuartzCore.framework */; };
		E26BFF721ABD4DEA00269700 /* StoreKit.framework in Frameworks */ = {isa = PBXBuildFile; fileRef = E26BFF711ABD4DEA00269700 /* StoreKit.framework */; };
		E26BFF741ABD4E0C00269700 /* libz.dylib in Frameworks */ = {isa = PBXBuildFile; fileRef = E26BFF731ABD4E0C00269700 /* libz.dylib */; };
		E26BFF761ABD4E1900269700 /* libsqlite3.dylib in Frameworks */ = {isa = PBXBuildFile; fileRef = E26BFF751ABD4E1900269700 /* libsqlite3.dylib */; };
		E26BFF781ABD4FE900269700 /* Parse.framework in Frameworks */ = {isa = PBXBuildFile; fileRef = E26BFF771ABD4FE900269700 /* Parse.framework */; };
		E26BFF7A1ABD500000269700 /* Bolts.framework in Frameworks */ = {isa = PBXBuildFile; fileRef = E26BFF791ABD500000269700 /* Bolts.framework */; };
		E26BFF7C1ABD511A00269700 /* Social.framework in Frameworks */ = {isa = PBXBuildFile; fileRef = E26BFF7B1ABD511A00269700 /* Social.framework */; };
		E281B8B81B79DE9C006DD183 /* flagFilled-22.png in Resources */ = {isa = PBXBuildFile; fileRef = E281B8B61B79DE9C006DD183 /* flagFilled-22.png */; };
		E281B8B91B79DE9C006DD183 /* flagFilled-44.png in Resources */ = {isa = PBXBuildFile; fileRef = E281B8B71B79DE9C006DD183 /* flagFilled-44.png */; };
		E293EFF41B43912C00298977 /* textViewCell.swift in Sources */ = {isa = PBXBuildFile; fileRef = E293EFF31B43912C00298977 /* textViewCell.swift */; };
		E2A46EC01A9FAFCE0090FDCB /* AppDelegate.swift in Sources */ = {isa = PBXBuildFile; fileRef = E2A46EBF1A9FAFCE0090FDCB /* AppDelegate.swift */; };
		E2A46EC31A9FAFCE0090FDCB /* socializr.xcdatamodeld in Sources */ = {isa = PBXBuildFile; fileRef = E2A46EC11A9FAFCE0090FDCB /* socializr.xcdatamodeld */; };
		E2A46EC51A9FAFCE0090FDCB /* MainViewController.swift in Sources */ = {isa = PBXBuildFile; fileRef = E2A46EC41A9FAFCE0090FDCB /* MainViewController.swift */; };
		E2A46EC81A9FAFCE0090FDCB /* Main.storyboard in Resources */ = {isa = PBXBuildFile; fileRef = E2A46EC61A9FAFCE0090FDCB /* Main.storyboard */; };
		E2A46ECA1A9FAFCE0090FDCB /* Images.xcassets in Resources */ = {isa = PBXBuildFile; fileRef = E2A46EC91A9FAFCE0090FDCB /* Images.xcassets */; };
		E2A46ECD1A9FAFCE0090FDCB /* LaunchScreen.xib in Resources */ = {isa = PBXBuildFile; fileRef = E2A46ECB1A9FAFCE0090FDCB /* LaunchScreen.xib */; };
		E2A46ED91A9FAFCE0090FDCB /* socializrTests.swift in Sources */ = {isa = PBXBuildFile; fileRef = E2A46ED81A9FAFCE0090FDCB /* socializrTests.swift */; };
		E2A46EE31A9FC9910090FDCB /* EventViewController.swift in Sources */ = {isa = PBXBuildFile; fileRef = E2A46EE21A9FC9910090FDCB /* EventViewController.swift */; };
		E2A46EE51A9FF73E0090FDCB /* MapKit.framework in Frameworks */ = {isa = PBXBuildFile; fileRef = E2A46EE41A9FF73E0090FDCB /* MapKit.framework */; };
		E2B8D5491AF0AF7100DC4D2A /* loginLogo.png in Resources */ = {isa = PBXBuildFile; fileRef = E2B8D5481AF0AF7100DC4D2A /* loginLogo.png */; };
		E2BBD8951AA02B8A005EA3AE /* NewEventViewController.swift in Sources */ = {isa = PBXBuildFile; fileRef = E2BBD8941AA02B8A005EA3AE /* NewEventViewController.swift */; };
		E2BBD8971AA03070005EA3AE /* MapPickViewController.swift in Sources */ = {isa = PBXBuildFile; fileRef = E2BBD8961AA03070005EA3AE /* MapPickViewController.swift */; };
		E2BBD8991AA04E7C005EA3AE /* Singleton.swift in Sources */ = {isa = PBXBuildFile; fileRef = E2BBD8981AA04E7C005EA3AE /* Singleton.swift */; };
		E2EB29FA1ACBD28200634DD8 /* ParseFacebook.swift in Sources */ = {isa = PBXBuildFile; fileRef = E2EB29F91ACBD28200634DD8 /* ParseFacebook.swift */; };
/* End PBXBuildFile section */

/* Begin PBXContainerItemProxy section */
		E2A46ED31A9FAFCE0090FDCB /* PBXContainerItemProxy */ = {
			isa = PBXContainerItemProxy;
			containerPortal = E2A46EB21A9FAFCE0090FDCB /* Project object */;
			proxyType = 1;
			remoteGlobalIDString = E2A46EB91A9FAFCE0090FDCB;
			remoteInfo = socializr;
		};
/* End PBXContainerItemProxy section */

/* Begin PBXFileReference section */
		8114541D1A9FEE1000E6B556 /* EventsCollection.swift */ = {isa = PBXFileReference; fileEncoding = 4; lastKnownFileType = sourcecode.swift; path = EventsCollection.swift; sourceTree = "<group>"; };
		8114B4641A9FC29C00AC4CB7 /* libicucore.dylib */ = {isa = PBXFileReference; lastKnownFileType = "compiled.mach-o.dylib"; name = libicucore.dylib; path = usr/lib/libicucore.dylib; sourceTree = SDKROOT; };
		8114B4661A9FC2C500AC4CB7 /* libc++.dylib */ = {isa = PBXFileReference; lastKnownFileType = "compiled.mach-o.dylib"; name = "libc++.dylib"; path = "usr/lib/libc++.dylib"; sourceTree = SDKROOT; };
		8114B4681A9FC2D400AC4CB7 /* CFNetwork.framework */ = {isa = PBXFileReference; lastKnownFileType = wrapper.framework; name = CFNetwork.framework; path = System/Library/Frameworks/CFNetwork.framework; sourceTree = SDKROOT; };
		8114B46A1A9FC2E200AC4CB7 /* Security.framework */ = {isa = PBXFileReference; lastKnownFileType = wrapper.framework; name = Security.framework; path = System/Library/Frameworks/Security.framework; sourceTree = SDKROOT; };
		8114B46C1A9FC2F000AC4CB7 /* SystemConfiguration.framework */ = {isa = PBXFileReference; lastKnownFileType = wrapper.framework; name = SystemConfiguration.framework; path = System/Library/Frameworks/SystemConfiguration.framework; sourceTree = SDKROOT; };
		8114B46E1A9FC53D00AC4CB7 /* socializr-Bridging-Header.h */ = {isa = PBXFileReference; lastKnownFileType = sourcecode.c.h; path = "socializr-Bridging-Header.h"; sourceTree = "<group>"; };
		8114B4741A9FD4F500AC4CB7 /* Firebase.framework */ = {isa = PBXFileReference; lastKnownFileType = wrapper.framework; path = Firebase.framework; sourceTree = "<group>"; };
		E20DFD331B2C0EFC00D4021F /* nextArrow.png */ = {isa = PBXFileReference; lastKnownFileType = image.png; name = nextArrow.png; path = icons/nextArrow.png; sourceTree = "<group>"; };
		E21782F91B28135300263D6E /* eventTableCell.xib */ = {isa = PBXFileReference; fileEncoding = 4; lastKnownFileType = file.xib; path = eventTableCell.xib; sourceTree = "<group>"; };
		E21782FC1B28143700263D6E /* eventTableCellClass.swift */ = {isa = PBXFileReference; fileEncoding = 4; lastKnownFileType = sourcecode.swift; path = eventTableCellClass.swift; sourceTree = "<group>"; };
		E22C5DDA1AF8B1FD00F06F23 /* Console.swift */ = {isa = PBXFileReference; fileEncoding = 4; lastKnownFileType = sourcecode.swift; path = Console.swift; sourceTree = "<group>"; };
		E235E38E1ACA72E7008CF278 /* LoginViewController.swift */ = {isa = PBXFileReference; fileEncoding = 4; lastKnownFileType = sourcecode.swift; path = LoginViewController.swift; sourceTree = "<group>"; };
		E23D34E41AC2946F00EC2E90 /* FacebookSDK.framework */ = {isa = PBXFileReference; lastKnownFileType = wrapper.framework; path = FacebookSDK.framework; sourceTree = "<group>"; };
		E23D34E61AC2963300EC2E90 /* ParseFacebookUtils.framework */ = {isa = PBXFileReference; lastKnownFileType = wrapper.framework; path = ParseFacebookUtils.framework; sourceTree = "<group>"; };
		E2537A5C1AE0E712008DBF81 /* Images-2.xcassets */ = {isa = PBXFileReference; lastKnownFileType = folder.assetcatalog; path = "Images-2.xcassets"; sourceTree = "<group>"; };
		E26BFF671ABD4DA100269700 /* AudioToolbox.framework */ = {isa = PBXFileReference; lastKnownFileType = wrapper.framework; name = AudioToolbox.framework; path = System/Library/Frameworks/AudioToolbox.framework; sourceTree = SDKROOT; };
		E26BFF691ABD4DC200269700 /* CoreGraphics.framework */ = {isa = PBXFileReference; lastKnownFileType = wrapper.framework; name = CoreGraphics.framework; path = System/Library/Frameworks/CoreGraphics.framework; sourceTree = SDKROOT; };
		E26BFF6A1ABD4DC200269700 /* CoreLocation.framework */ = {isa = PBXFileReference; lastKnownFileType = wrapper.framework; name = CoreLocation.framework; path = System/Library/Frameworks/CoreLocation.framework; sourceTree = SDKROOT; };
		E26BFF6D1ABD4DD200269700 /* MobileCoreServices.framework */ = {isa = PBXFileReference; lastKnownFileType = wrapper.framework; name = MobileCoreServices.framework; path = System/Library/Frameworks/MobileCoreServices.framework; sourceTree = SDKROOT; };
		E26BFF6F1ABD4DD900269700 /* QuartzCore.framework */ = {isa = PBXFileReference; lastKnownFileType = wrapper.framework; name = QuartzCore.framework; path = System/Library/Frameworks/QuartzCore.framework; sourceTree = SDKROOT; };
		E26BFF711ABD4DEA00269700 /* StoreKit.framework */ = {isa = PBXFileReference; lastKnownFileType = wrapper.framework; name = StoreKit.framework; path = System/Library/Frameworks/StoreKit.framework; sourceTree = SDKROOT; };
		E26BFF731ABD4E0C00269700 /* libz.dylib */ = {isa = PBXFileReference; lastKnownFileType = "compiled.mach-o.dylib"; name = libz.dylib; path = usr/lib/libz.dylib; sourceTree = SDKROOT; };
		E26BFF751ABD4E1900269700 /* libsqlite3.dylib */ = {isa = PBXFileReference; lastKnownFileType = "compiled.mach-o.dylib"; name = libsqlite3.dylib; path = usr/lib/libsqlite3.dylib; sourceTree = SDKROOT; };
		E26BFF771ABD4FE900269700 /* Parse.framework */ = {isa = PBXFileReference; lastKnownFileType = wrapper.framework; path = Parse.framework; sourceTree = "<group>"; };
		E26BFF791ABD500000269700 /* Bolts.framework */ = {isa = PBXFileReference; lastKnownFileType = wrapper.framework; path = Bolts.framework; sourceTree = "<group>"; };
		E26BFF7B1ABD511A00269700 /* Social.framework */ = {isa = PBXFileReference; lastKnownFileType = wrapper.framework; name = Social.framework; path = System/Library/Frameworks/Social.framework; sourceTree = SDKROOT; };
		E281B8B61B79DE9C006DD183 /* flagFilled-22.png */ = {isa = PBXFileReference; lastKnownFileType = image.png; name = "flagFilled-22.png"; path = "icons/flagFilled-22.png"; sourceTree = "<group>"; };
		E281B8B71B79DE9C006DD183 /* flagFilled-44.png */ = {isa = PBXFileReference; lastKnownFileType = image.png; name = "flagFilled-44.png"; path = "icons/flagFilled-44.png"; sourceTree = "<group>"; };
		E293EFF31B43912C00298977 /* textViewCell.swift */ = {isa = PBXFileReference; fileEncoding = 4; lastKnownFileType = sourcecode.swift; name = textViewCell.swift; path = ../textViewCell.swift; sourceTree = "<group>"; };
		E2A46EBA1A9FAFCE0090FDCB /* socializr.app */ = {isa = PBXFileReference; explicitFileType = wrapper.application; includeInIndex = 0; path = socializr.app; sourceTree = BUILT_PRODUCTS_DIR; };
		E2A46EBE1A9FAFCE0090FDCB /* Info.plist */ = {isa = PBXFileReference; lastKnownFileType = text.plist.xml; path = Info.plist; sourceTree = "<group>"; };
		E2A46EBF1A9FAFCE0090FDCB /* AppDelegate.swift */ = {isa = PBXFileReference; lastKnownFileType = sourcecode.swift; path = AppDelegate.swift; sourceTree = "<group>"; };
		E2A46EC21A9FAFCE0090FDCB /* socializr.xcdatamodel */ = {isa = PBXFileReference; lastKnownFileType = wrapper.xcdatamodel; path = socializr.xcdatamodel; sourceTree = "<group>"; };
		E2A46EC41A9FAFCE0090FDCB /* MainViewController.swift */ = {isa = PBXFileReference; lastKnownFileType = sourcecode.swift; path = MainViewController.swift; sourceTree = "<group>"; };
		E2A46EC71A9FAFCE0090FDCB /* Base */ = {isa = PBXFileReference; lastKnownFileType = file.storyboard; name = Base; path = Base.lproj/Main.storyboard; sourceTree = "<group>"; };
		E2A46EC91A9FAFCE0090FDCB /* Images.xcassets */ = {isa = PBXFileReference; lastKnownFileType = folder.assetcatalog; path = Images.xcassets; sourceTree = "<group>"; };
		E2A46ECC1A9FAFCE0090FDCB /* Base */ = {isa = PBXFileReference; lastKnownFileType = file.xib; name = Base; path = Base.lproj/LaunchScreen.xib; sourceTree = "<group>"; };
		E2A46ED21A9FAFCE0090FDCB /* socializrTests.xctest */ = {isa = PBXFileReference; explicitFileType = wrapper.cfbundle; includeInIndex = 0; path = socializrTests.xctest; sourceTree = BUILT_PRODUCTS_DIR; };
		E2A46ED71A9FAFCE0090FDCB /* Info.plist */ = {isa = PBXFileReference; lastKnownFileType = text.plist.xml; path = Info.plist; sourceTree = "<group>"; };
		E2A46ED81A9FAFCE0090FDCB /* socializrTests.swift */ = {isa = PBXFileReference; lastKnownFileType = sourcecode.swift; path = socializrTests.swift; sourceTree = "<group>"; };
		E2A46EE21A9FC9910090FDCB /* EventViewController.swift */ = {isa = PBXFileReference; fileEncoding = 4; lastKnownFileType = sourcecode.swift; path = EventViewController.swift; sourceTree = "<group>"; };
		E2A46EE41A9FF73E0090FDCB /* MapKit.framework */ = {isa = PBXFileReference; lastKnownFileType = wrapper.framework; name = MapKit.framework; path = System/Library/Frameworks/MapKit.framework; sourceTree = SDKROOT; };
		E2B8D5481AF0AF7100DC4D2A /* loginLogo.png */ = {isa = PBXFileReference; lastKnownFileType = image.png; path = loginLogo.png; sourceTree = "<group>"; };
		E2BBD8941AA02B8A005EA3AE /* NewEventViewController.swift */ = {isa = PBXFileReference; fileEncoding = 4; lastKnownFileType = sourcecode.swift; path = NewEventViewController.swift; sourceTree = "<group>"; };
		E2BBD8961AA03070005EA3AE /* MapPickViewController.swift */ = {isa = PBXFileReference; fileEncoding = 4; lastKnownFileType = sourcecode.swift; path = MapPickViewController.swift; sourceTree = "<group>"; };
		E2BBD8981AA04E7C005EA3AE /* Singleton.swift */ = {isa = PBXFileReference; fileEncoding = 4; lastKnownFileType = sourcecode.swift; path = Singleton.swift; sourceTree = "<group>"; };
		E2EB29F91ACBD28200634DD8 /* ParseFacebook.swift */ = {isa = PBXFileReference; fileEncoding = 4; lastKnownFileType = sourcecode.swift; path = ParseFacebook.swift; sourceTree = "<group>"; };
/* End PBXFileReference section */

/* Begin PBXFrameworksBuildPhase section */
		E2A46EB71A9FAFCE0090FDCB /* Frameworks */ = {
			isa = PBXFrameworksBuildPhase;
			buildActionMask = 2147483647;
			files = (
				E26BFF7C1ABD511A00269700 /* Social.framework in Frameworks */,
				E23D34E51AC2946F00EC2E90 /* FacebookSDK.framework in Frameworks */,
				E26BFF721ABD4DEA00269700 /* StoreKit.framework in Frameworks */,
				E26BFF761ABD4E1900269700 /* libsqlite3.dylib in Frameworks */,
				E26BFF741ABD4E0C00269700 /* libz.dylib in Frameworks */,
				8114B46B1A9FC2E200AC4CB7 /* Security.framework in Frameworks */,
				E26BFF701ABD4DD900269700 /* QuartzCore.framework in Frameworks */,
				E26BFF6E1ABD4DD200269700 /* MobileCoreServices.framework in Frameworks */,
				E26BFF781ABD4FE900269700 /* Parse.framework in Frameworks */,
				E26BFF6B1ABD4DC200269700 /* CoreGraphics.framework in Frameworks */,
				E26BFF6C1ABD4DC200269700 /* CoreLocation.framework in Frameworks */,
				E26BFF681ABD4DA100269700 /* AudioToolbox.framework in Frameworks */,
				E2A46EE51A9FF73E0090FDCB /* MapKit.framework in Frameworks */,
				8114B46D1A9FC2F000AC4CB7 /* SystemConfiguration.framework in Frameworks */,
				E26BFF7A1ABD500000269700 /* Bolts.framework in Frameworks */,
				8114B4751A9FD4F500AC4CB7 /* Firebase.framework in Frameworks */,
				8114B4691A9FC2D400AC4CB7 /* CFNetwork.framework in Frameworks */,
				8114B4671A9FC2C500AC4CB7 /* libc++.dylib in Frameworks */,
				E23D34E71AC2963300EC2E90 /* ParseFacebookUtils.framework in Frameworks */,
				8114B4651A9FC29C00AC4CB7 /* libicucore.dylib in Frameworks */,
			);
			runOnlyForDeploymentPostprocessing = 0;
		};
		E2A46ECF1A9FAFCE0090FDCB /* Frameworks */ = {
			isa = PBXFrameworksBuildPhase;
			buildActionMask = 2147483647;
			files = (
				8114B4761A9FD4F500AC4CB7 /* Firebase.framework in Frameworks */,
			);
			runOnlyForDeploymentPostprocessing = 0;
		};
/* End PBXFrameworksBuildPhase section */

/* Begin PBXGroup section */
		8114B47A1A9FEA8800AC4CB7 /* models */ = {
			isa = PBXGroup;
			children = (
				E293EFF31B43912C00298977 /* textViewCell.swift */,
				8114541D1A9FEE1000E6B556 /* EventsCollection.swift */,
				E2BBD8981AA04E7C005EA3AE /* Singleton.swift */,
			);
			name = models;
			sourceTree = "<group>";
		};
		E21782FB1B28135A00263D6E /* customUI */ = {
			isa = PBXGroup;
			children = (
				E21782F91B28135300263D6E /* eventTableCell.xib */,
				E21782FC1B28143700263D6E /* eventTableCellClass.swift */,
			);
			name = customUI;
			sourceTree = "<group>";
		};
		E2A46EB11A9FAFCE0090FDCB = {
			isa = PBXGroup;
			children = (
				E23D34E61AC2963300EC2E90 /* ParseFacebookUtils.framework */,
				E23D34E41AC2946F00EC2E90 /* FacebookSDK.framework */,
				E26BFF7B1ABD511A00269700 /* Social.framework */,
				E26BFF791ABD500000269700 /* Bolts.framework */,
				E26BFF771ABD4FE900269700 /* Parse.framework */,
				E26BFF751ABD4E1900269700 /* libsqlite3.dylib */,
				E26BFF731ABD4E0C00269700 /* libz.dylib */,
				E26BFF711ABD4DEA00269700 /* StoreKit.framework */,
				E26BFF6F1ABD4DD900269700 /* QuartzCore.framework */,
				E26BFF6D1ABD4DD200269700 /* MobileCoreServices.framework */,
				E26BFF691ABD4DC200269700 /* CoreGraphics.framework */,
				E26BFF6A1ABD4DC200269700 /* CoreLocation.framework */,
				E26BFF671ABD4DA100269700 /* AudioToolbox.framework */,
				E2A46EE41A9FF73E0090FDCB /* MapKit.framework */,
				8114B4741A9FD4F500AC4CB7 /* Firebase.framework */,
				8114B46C1A9FC2F000AC4CB7 /* SystemConfiguration.framework */,
				8114B46A1A9FC2E200AC4CB7 /* Security.framework */,
				8114B4681A9FC2D400AC4CB7 /* CFNetwork.framework */,
				8114B4661A9FC2C500AC4CB7 /* libc++.dylib */,
				8114B4641A9FC29C00AC4CB7 /* libicucore.dylib */,
				E2A46EBC1A9FAFCE0090FDCB /* socializr */,
				E2A46ED51A9FAFCE0090FDCB /* socializrTests */,
				E2A46EBB1A9FAFCE0090FDCB /* Products */,
			);
			sourceTree = "<group>";
		};
		E2A46EBB1A9FAFCE0090FDCB /* Products */ = {
			isa = PBXGroup;
			children = (
				E2A46EBA1A9FAFCE0090FDCB /* socializr.app */,
				E2A46ED21A9FAFCE0090FDCB /* socializrTests.xctest */,
			);
			name = Products;
			sourceTree = "<group>";
		};
		E2A46EBC1A9FAFCE0090FDCB /* socializr */ = {
			isa = PBXGroup;
			children = (
				E21782FB1B28135A00263D6E /* customUI */,
				E2EB29F81ACBD1FB00634DD8 /* utils */,
				E2EB29F31ACBCEFC00634DD8 /* images */,
				8114B47A1A9FEA8800AC4CB7 /* models */,
				E2A46EBF1A9FAFCE0090FDCB /* AppDelegate.swift */,
				E2A46EE21A9FC9910090FDCB /* EventViewController.swift */,
				E2BBD8961AA03070005EA3AE /* MapPickViewController.swift */,
				E2BBD8941AA02B8A005EA3AE /* NewEventViewController.swift */,
				E2A46EC41A9FAFCE0090FDCB /* MainViewController.swift */,
				E235E38E1ACA72E7008CF278 /* LoginViewController.swift */,
				E2A46EC61A9FAFCE0090FDCB /* Main.storyboard */,
				E2A46EC91A9FAFCE0090FDCB /* Images.xcassets */,
				E2A46ECB1A9FAFCE0090FDCB /* LaunchScreen.xib */,
				E2A46EC11A9FAFCE0090FDCB /* socializr.xcdatamodeld */,
				E2A46EBD1A9FAFCE0090FDCB /* Supporting Files */,
				8114B46E1A9FC53D00AC4CB7 /* socializr-Bridging-Header.h */,
				E2537A5C1AE0E712008DBF81 /* Images-2.xcassets */,
			);
			path = socializr;
			sourceTree = "<group>";
		};
		E2A46EBD1A9FAFCE0090FDCB /* Supporting Files */ = {
			isa = PBXGroup;
			children = (
				E2A46EBE1A9FAFCE0090FDCB /* Info.plist */,
			);
			name = "Supporting Files";
			sourceTree = "<group>";
		};
		E2A46ED51A9FAFCE0090FDCB /* socializrTests */ = {
			isa = PBXGroup;
			children = (
				E2A46ED81A9FAFCE0090FDCB /* socializrTests.swift */,
				E2A46ED61A9FAFCE0090FDCB /* Supporting Files */,
			);
			path = socializrTests;
			sourceTree = "<group>";
		};
		E2A46ED61A9FAFCE0090FDCB /* Supporting Files */ = {
			isa = PBXGroup;
			children = (
				E2A46ED71A9FAFCE0090FDCB /* Info.plist */,
			);
			name = "Supporting Files";
			sourceTree = "<group>";
		};
		E2EB29F31ACBCEFC00634DD8 /* images */ = {
			isa = PBXGroup;
			children = (
				E281B8B61B79DE9C006DD183 /* flagFilled-22.png */,
				E281B8B71B79DE9C006DD183 /* flagFilled-44.png */,
				E20DFD331B2C0EFC00D4021F /* nextArrow.png */,
				E2B8D5481AF0AF7100DC4D2A /* loginLogo.png */,
			);
			name = images;
			sourceTree = "<group>";
		};
		E2EB29F81ACBD1FB00634DD8 /* utils */ = {
			isa = PBXGroup;
			children = (
				E2EB29F91ACBD28200634DD8 /* ParseFacebook.swift */,
				E22C5DDA1AF8B1FD00F06F23 /* Console.swift */,
			);
			name = utils;
			sourceTree = "<group>";
		};
/* End PBXGroup section */

/* Begin PBXNativeTarget section */
		E2A46EB91A9FAFCE0090FDCB /* socializr */ = {
			isa = PBXNativeTarget;
			buildConfigurationList = E2A46EDC1A9FAFCE0090FDCB /* Build configuration list for PBXNativeTarget "socializr" */;
			buildPhases = (
				E2A46EB61A9FAFCE0090FDCB /* Sources */,
				E2A46EB71A9FAFCE0090FDCB /* Frameworks */,
				E2A46EB81A9FAFCE0090FDCB /* Resources */,
			);
			buildRules = (
			);
			dependencies = (
			);
			name = socializr;
			productName = socializr;
			productReference = E2A46EBA1A9FAFCE0090FDCB /* socializr.app */;
			productType = "com.apple.product-type.application";
		};
		E2A46ED11A9FAFCE0090FDCB /* socializrTests */ = {
			isa = PBXNativeTarget;
			buildConfigurationList = E2A46EDF1A9FAFCE0090FDCB /* Build configuration list for PBXNativeTarget "socializrTests" */;
			buildPhases = (
				E2A46ECE1A9FAFCE0090FDCB /* Sources */,
				E2A46ECF1A9FAFCE0090FDCB /* Frameworks */,
				E2A46ED01A9FAFCE0090FDCB /* Resources */,
			);
			buildRules = (
			);
			dependencies = (
				E2A46ED41A9FAFCE0090FDCB /* PBXTargetDependency */,
			);
			name = socializrTests;
			productName = socializrTests;
			productReference = E2A46ED21A9FAFCE0090FDCB /* socializrTests.xctest */;
			productType = "com.apple.product-type.bundle.unit-test";
		};
/* End PBXNativeTarget section */

/* Begin PBXProject section */
		E2A46EB21A9FAFCE0090FDCB /* Project object */ = {
			isa = PBXProject;
			attributes = {
				LastUpgradeCheck = 0610;
				ORGANIZATIONNAME = "Max Saienko";
				TargetAttributes = {
					E2A46EB91A9FAFCE0090FDCB = {
						CreatedOnToolsVersion = 6.1.1;
						DevelopmentTeam = HU58VK33C8;
					};
					E2A46ED11A9FAFCE0090FDCB = {
						CreatedOnToolsVersion = 6.1.1;
						TestTargetID = E2A46EB91A9FAFCE0090FDCB;
					};
				};
			};
			buildConfigurationList = E2A46EB51A9FAFCE0090FDCB /* Build configuration list for PBXProject "socializr" */;
			compatibilityVersion = "Xcode 3.2";
			developmentRegion = English;
			hasScannedForEncodings = 0;
			knownRegions = (
				en,
				Base,
			);
			mainGroup = E2A46EB11A9FAFCE0090FDCB;
			productRefGroup = E2A46EBB1A9FAFCE0090FDCB /* Products */;
			projectDirPath = "";
			projectRoot = "";
			targets = (
				E2A46EB91A9FAFCE0090FDCB /* socializr */,
				E2A46ED11A9FAFCE0090FDCB /* socializrTests */,
			);
		};
/* End PBXProject section */

/* Begin PBXResourcesBuildPhase section */
		E2A46EB81A9FAFCE0090FDCB /* Resources */ = {
			isa = PBXResourcesBuildPhase;
			buildActionMask = 2147483647;
			files = (
				E2B8D5491AF0AF7100DC4D2A /* loginLogo.png in Resources */,
				E20DFD341B2C0EFC00D4021F /* nextArrow.png in Resources */,
				E2537A5D1AE0E712008DBF81 /* Images-2.xcassets in Resources */,
				E281B8B91B79DE9C006DD183 /* flagFilled-44.png in Resources */,
				E2A46EC81A9FAFCE0090FDCB /* Main.storyboard in Resources */,
				E21782FA1B28135300263D6E /* eventTableCell.xib in Resources */,
				E2A46ECD1A9FAFCE0090FDCB /* LaunchScreen.xib in Resources */,
				E2A46ECA1A9FAFCE0090FDCB /* Images.xcassets in Resources */,
				E281B8B81B79DE9C006DD183 /* flagFilled-22.png in Resources */,
			);
			runOnlyForDeploymentPostprocessing = 0;
		};
		E2A46ED01A9FAFCE0090FDCB /* Resources */ = {
			isa = PBXResourcesBuildPhase;
			buildActionMask = 2147483647;
			files = (
			);
			runOnlyForDeploymentPostprocessing = 0;
		};
/* End PBXResourcesBuildPhase section */

/* Begin PBXSourcesBuildPhase section */
		E2A46EB61A9FAFCE0090FDCB /* Sources */ = {
			isa = PBXSourcesBuildPhase;
			buildActionMask = 2147483647;
			files = (
				E235E38F1ACA72E7008CF278 /* LoginViewController.swift in Sources */,
				E2BBD8971AA03070005EA3AE /* MapPickViewController.swift in Sources */,
				E2A46EC51A9FAFCE0090FDCB /* MainViewController.swift in Sources */,
				E2EB29FA1ACBD28200634DD8 /* ParseFacebook.swift in Sources */,
				E2A46EE31A9FC9910090FDCB /* EventViewController.swift in Sources */,
				8114541E1A9FEE1000E6B556 /* EventsCollection.swift in Sources */,
				E2A46EC31A9FAFCE0090FDCB /* socializr.xcdatamodeld in Sources */,
				E2BBD8991AA04E7C005EA3AE /* Singleton.swift in Sources */,
				E2BBD8951AA02B8A005EA3AE /* NewEventViewController.swift in Sources */,
				E293EFF41B43912C00298977 /* textViewCell.swift in Sources */,
				E21782FD1B28143700263D6E /* eventTableCellClass.swift in Sources */,
				E22C5DDB1AF8B1FD00F06F23 /* Console.swift in Sources */,
				E2A46EC01A9FAFCE0090FDCB /* AppDelegate.swift in Sources */,
			);
			runOnlyForDeploymentPostprocessing = 0;
		};
		E2A46ECE1A9FAFCE0090FDCB /* Sources */ = {
			isa = PBXSourcesBuildPhase;
			buildActionMask = 2147483647;
			files = (
				E2A46ED91A9FAFCE0090FDCB /* socializrTests.swift in Sources */,
			);
			runOnlyForDeploymentPostprocessing = 0;
		};
/* End PBXSourcesBuildPhase section */

/* Begin PBXTargetDependency section */
		E2A46ED41A9FAFCE0090FDCB /* PBXTargetDependency */ = {
			isa = PBXTargetDependency;
			target = E2A46EB91A9FAFCE0090FDCB /* socializr */;
			targetProxy = E2A46ED31A9FAFCE0090FDCB /* PBXContainerItemProxy */;
		};
/* End PBXTargetDependency section */

/* Begin PBXVariantGroup section */
		E2A46EC61A9FAFCE0090FDCB /* Main.storyboard */ = {
			isa = PBXVariantGroup;
			children = (
				E2A46EC71A9FAFCE0090FDCB /* Base */,
			);
			name = Main.storyboard;
			sourceTree = "<group>";
		};
		E2A46ECB1A9FAFCE0090FDCB /* LaunchScreen.xib */ = {
			isa = PBXVariantGroup;
			children = (
				E2A46ECC1A9FAFCE0090FDCB /* Base */,
			);
			name = LaunchScreen.xib;
			sourceTree = "<group>";
		};
/* End PBXVariantGroup section */

/* Begin XCBuildConfiguration section */
		E2A46EDA1A9FAFCE0090FDCB /* Debug */ = {
			isa = XCBuildConfiguration;
			buildSettings = {
				ALWAYS_SEARCH_USER_PATHS = NO;
				CLANG_CXX_LANGUAGE_STANDARD = "gnu++0x";
				CLANG_CXX_LIBRARY = "libc++";
				CLANG_ENABLE_MODULES = YES;
				CLANG_ENABLE_OBJC_ARC = YES;
				CLANG_WARN_BOOL_CONVERSION = YES;
				CLANG_WARN_CONSTANT_CONVERSION = YES;
				CLANG_WARN_DIRECT_OBJC_ISA_USAGE = YES_ERROR;
				CLANG_WARN_EMPTY_BODY = YES;
				CLANG_WARN_ENUM_CONVERSION = YES;
				CLANG_WARN_INT_CONVERSION = YES;
				CLANG_WARN_OBJC_ROOT_CLASS = YES_ERROR;
				CLANG_WARN_UNREACHABLE_CODE = YES;
				CLANG_WARN__DUPLICATE_METHOD_MATCH = YES;
				"CODE_SIGN_IDENTITY[sdk=iphoneos*]" = "iPhone Developer";
				COPY_PHASE_STRIP = NO;
				ENABLE_STRICT_OBJC_MSGSEND = YES;
				GCC_C_LANGUAGE_STANDARD = gnu99;
				GCC_DYNAMIC_NO_PIC = NO;
				GCC_OPTIMIZATION_LEVEL = 0;
				GCC_PREPROCESSOR_DEFINITIONS = (
					"DEBUG=1",
					"$(inherited)",
				);
				GCC_SYMBOLS_PRIVATE_EXTERN = NO;
				GCC_WARN_64_TO_32_BIT_CONVERSION = YES;
				GCC_WARN_ABOUT_RETURN_TYPE = YES_ERROR;
				GCC_WARN_UNDECLARED_SELECTOR = YES;
				GCC_WARN_UNINITIALIZED_AUTOS = YES_AGGRESSIVE;
				GCC_WARN_UNUSED_FUNCTION = YES;
				GCC_WARN_UNUSED_VARIABLE = YES;
				IPHONEOS_DEPLOYMENT_TARGET = 8.1;
				MTL_ENABLE_DEBUG_INFO = YES;
				ONLY_ACTIVE_ARCH = YES;
				SDKROOT = iphoneos;
				SWIFT_OPTIMIZATION_LEVEL = "-Onone";
			};
			name = Debug;
		};
		E2A46EDB1A9FAFCE0090FDCB /* Release */ = {
			isa = XCBuildConfiguration;
			buildSettings = {
				ALWAYS_SEARCH_USER_PATHS = NO;
				CLANG_CXX_LANGUAGE_STANDARD = "gnu++0x";
				CLANG_CXX_LIBRARY = "libc++";
				CLANG_ENABLE_MODULES = YES;
				CLANG_ENABLE_OBJC_ARC = YES;
				CLANG_WARN_BOOL_CONVERSION = YES;
				CLANG_WARN_CONSTANT_CONVERSION = YES;
				CLANG_WARN_DIRECT_OBJC_ISA_USAGE = YES_ERROR;
				CLANG_WARN_EMPTY_BODY = YES;
				CLANG_WARN_ENUM_CONVERSION = YES;
				CLANG_WARN_INT_CONVERSION = YES;
				CLANG_WARN_OBJC_ROOT_CLASS = YES_ERROR;
				CLANG_WARN_UNREACHABLE_CODE = YES;
				CLANG_WARN__DUPLICATE_METHOD_MATCH = YES;
				"CODE_SIGN_IDENTITY[sdk=iphoneos*]" = "iPhone Developer";
				COPY_PHASE_STRIP = YES;
				ENABLE_NS_ASSERTIONS = NO;
				ENABLE_STRICT_OBJC_MSGSEND = YES;
				GCC_C_LANGUAGE_STANDARD = gnu99;
				GCC_WARN_64_TO_32_BIT_CONVERSION = YES;
				GCC_WARN_ABOUT_RETURN_TYPE = YES_ERROR;
				GCC_WARN_UNDECLARED_SELECTOR = YES;
				GCC_WARN_UNINITIALIZED_AUTOS = YES_AGGRESSIVE;
				GCC_WARN_UNUSED_FUNCTION = YES;
				GCC_WARN_UNUSED_VARIABLE = YES;
				IPHONEOS_DEPLOYMENT_TARGET = 8.1;
				MTL_ENABLE_DEBUG_INFO = NO;
				SDKROOT = iphoneos;
				VALIDATE_PRODUCT = YES;
			};
			name = Release;
		};
		E2A46EDD1A9FAFCE0090FDCB /* Debug */ = {
			isa = XCBuildConfiguration;
			buildSettings = {
				ASSETCATALOG_COMPILER_APPICON_NAME = AppIcon;
				ASSETCATALOG_COMPILER_LAUNCHIMAGE_NAME = LaunchImage;
				CLANG_ENABLE_MODULES = YES;
				CODE_SIGN_IDENTITY = "iPhone Developer";
				FRAMEWORK_SEARCH_PATHS = (
					"$(SRCROOT)",
					"$(PROJECT_DIR)",
				);
				INFOPLIST_FILE = socializr/Info.plist;
				IPHONEOS_DEPLOYMENT_TARGET = 7.0;
				LD_RUNPATH_SEARCH_PATHS = "$(inherited) @executable_path/Frameworks";
				"OTHER_LDFLAGS[arch=*]" = "-ObjC";
				"OTHER_SWIFT_FLAGS[arch=*]" = "-D DEBUG";
				PRODUCT_NAME = "$(TARGET_NAME)";
				SWIFT_OBJC_BRIDGING_HEADER = "socializr/socializr-Bridging-Header.h";
				SWIFT_OPTIMIZATION_LEVEL = "-Onone";
				TARGETED_DEVICE_FAMILY = 1;
			};
			name = Debug;
		};
		E2A46EDE1A9FAFCE0090FDCB /* Release */ = {
			isa = XCBuildConfiguration;
			buildSettings = {
				ASSETCATALOG_COMPILER_APPICON_NAME = AppIcon;
				ASSETCATALOG_COMPILER_LAUNCHIMAGE_NAME = LaunchImage;
				CLANG_ENABLE_MODULES = YES;
				CODE_SIGN_IDENTITY = "iPhone Developer";
				FRAMEWORK_SEARCH_PATHS = (
					"$(SRCROOT)",
					"$(PROJECT_DIR)",
				);
				INFOPLIST_FILE = socializr/Info.plist;
				IPHONEOS_DEPLOYMENT_TARGET = 7.0;
				LD_RUNPATH_SEARCH_PATHS = "$(inherited) @executable_path/Frameworks";
				"OTHER_LDFLAGS[arch=*]" = "-ObjC";
				PRODUCT_NAME = "$(TARGET_NAME)";
				SWIFT_OBJC_BRIDGING_HEADER = "socializr/socializr-Bridging-Header.h";
				TARGETED_DEVICE_FAMILY = 1;
			};
			name = Release;
		};
		E2A46EE01A9FAFCE0090FDCB /* Debug */ = {
			isa = XCBuildConfiguration;
			buildSettings = {
				BUNDLE_LOADER = "$(TEST_HOST)";
				FRAMEWORK_SEARCH_PATHS = (
					"$(SDKROOT)/Developer/Library/Frameworks",
					"$(inherited)",
					"$(PROJECT_DIR)",
				);
				GCC_PREPROCESSOR_DEFINITIONS = (
					"DEBUG=1",
					"$(inherited)",
				);
				INFOPLIST_FILE = socializrTests/Info.plist;
				LD_RUNPATH_SEARCH_PATHS = "$(inherited) @executable_path/Frameworks @loader_path/Frameworks";
				PRODUCT_NAME = "$(TARGET_NAME)";
				TEST_HOST = "$(BUILT_PRODUCTS_DIR)/socializr.app/socializr";
			};
			name = Debug;
		};
		E2A46EE11A9FAFCE0090FDCB /* Release */ = {
			isa = XCBuildConfiguration;
			buildSettings = {
				BUNDLE_LOADER = "$(TEST_HOST)";
				FRAMEWORK_SEARCH_PATHS = (
					"$(SDKROOT)/Developer/Library/Frameworks",
					"$(inherited)",
					"$(PROJECT_DIR)",
				);
				INFOPLIST_FILE = socializrTests/Info.plist;
				LD_RUNPATH_SEARCH_PATHS = "$(inherited) @executable_path/Frameworks @loader_path/Frameworks";
				PRODUCT_NAME = "$(TARGET_NAME)";
				TEST_HOST = "$(BUILT_PRODUCTS_DIR)/socializr.app/socializr";
			};
			name = Release;
		};
/* End XCBuildConfiguration section */

/* Begin XCConfigurationList section */
		E2A46EB51A9FAFCE0090FDCB /* Build configuration list for PBXProject "socializr" */ = {
			isa = XCConfigurationList;
			buildConfigurations = (
				E2A46EDA1A9FAFCE0090FDCB /* Debug */,
				E2A46EDB1A9FAFCE0090FDCB /* Release */,
			);
			defaultConfigurationIsVisible = 0;
			defaultConfigurationName = Release;
		};
		E2A46EDC1A9FAFCE0090FDCB /* Build configuration list for PBXNativeTarget "socializr" */ = {
			isa = XCConfigurationList;
			buildConfigurations = (
				E2A46EDD1A9FAFCE0090FDCB /* Debug */,
				E2A46EDE1A9FAFCE0090FDCB /* Release */,
			);
			defaultConfigurationIsVisible = 0;
			defaultConfigurationName = Release;
		};
		E2A46EDF1A9FAFCE0090FDCB /* Build configuration list for PBXNativeTarget "socializrTests" */ = {
			isa = XCConfigurationList;
			buildConfigurations = (
				E2A46EE01A9FAFCE0090FDCB /* Debug */,
				E2A46EE11A9FAFCE0090FDCB /* Release */,
			);
			defaultConfigurationIsVisible = 0;
			defaultConfigurationName = Release;
		};
/* End XCConfigurationList section */

/* Begin XCVersionGroup section */
		E2A46EC11A9FAFCE0090FDCB /* socializr.xcdatamodeld */ = {
			isa = XCVersionGroup;
			children = (
				E2A46EC21A9FAFCE0090FDCB /* socializr.xcdatamodel */,
			);
			currentVersion = E2A46EC21A9FAFCE0090FDCB /* socializr.xcdatamodel */;
			path = socializr.xcdatamodeld;
			sourceTree = "<group>";
			versionGroupType = wrapper.xcdatamodel;
		};
/* End XCVersionGroup section */
	};
	rootObject = E2A46EB21A9FAFCE0090FDCB /* Project object */;
}
